# This file is @generated by PDM.
# It is not intended for manual editing.

[metadata]
groups = ["default"]
strategy = ["inherit_metadata"]
lock_version = "4.5.0"
content_hash = "sha256:3206c8f9d0f1fccdd20c5cff7e946af21b4690720065123ecdefe80d1a369418"

[[metadata.targets]]
requires_python = ">=3.10,<3.15"
